
Microsoft Visual Studio Solution File, Format Version 12.00
# Visual Studio 15
VisualStudioVersion = 15.0.27428.2043
MinimumVisualStudioVersion = 10.0.40219.1
Project("{FAE04EC0-301F-11D3-BF4B-00C04F79EFBC}") = "SampleAppXamarin.Android", "SampleAppXamarin.Android\SampleAppXamarin.Android.csproj", "{45A97C44-C826-40CA-BF37-A7F899DBDC07}"
EndProject
Project("{FAE04EC0-301F-11D3-BF4B-00C04F79EFBC}") = "SampleAppXamarin.iOS", "SampleAppXamarin.iOS\SampleAppXamarin.iOS.csproj", "{EF2E5AC9-E7CA-470B-9A15-62D8A3D33267}"
EndProject
Project("{FAE04EC0-301F-11D3-BF4B-00C04F79EFBC}") = "SampleAppXamarin.UWP", "SampleAppXamarin.UWP\SampleAppXamarin.UWP.csproj", "{E97CD31A-4449-406E-AA79-6DFBCDFB5256}"
EndProject
Project("{D954291E-2A0B-460D-934E-DC6B0785DB48}") = "SampleAppXamarin", "SampleAppXamarin\SampleAppXamarin.shproj", "{EBD1528B-BA9B-47CF-9CCB-039708DDC4FA}"
EndProject
Project("{FAE04EC0-301F-11D3-BF4B-00C04F79EFBC}") = "UITest", "UITest\UITest.csproj", "{9E31BC64-EFE4-4B35-A0DD-3DD4380407E5}"
EndProject
Global
	GlobalSection(SharedMSBuildProjectFiles) = preSolution
		SampleAppXamarin\SampleAppXamarin.projitems*{45a97c44-c826-40ca-bf37-a7f899dbdc07}*SharedItemsImports = 4
		SampleAppXamarin\SampleAppXamarin.projitems*{e97cd31a-4449-406e-aa79-6dfbcdfb5256}*SharedItemsImports = 4
		SampleAppXamarin\SampleAppXamarin.projitems*{ebd1528b-ba9b-47cf-9ccb-039708ddc4fa}*SharedItemsImports = 13
		SampleAppXamarin\SampleAppXamarin.projitems*{ef2e5ac9-e7ca-470b-9a15-62d8a3d33267}*SharedItemsImports = 4
	EndGlobalSection
	GlobalSection(SolutionConfigurationPlatforms) = preSolution
		Ad-Hoc|Any CPU = Ad-Hoc|Any CPU
		Ad-Hoc|ARM = Ad-Hoc|ARM
		Ad-Hoc|iPhone = Ad-Hoc|iPhone
		Ad-Hoc|iPhoneSimulator = Ad-Hoc|iPhoneSimulator
		Ad-Hoc|x64 = Ad-Hoc|x64
		Ad-Hoc|x86 = Ad-Hoc|x86
		AppStore|Any CPU = AppStore|Any CPU
		AppStore|ARM = AppStore|ARM
		AppStore|iPhone = AppStore|iPhone
		AppStore|iPhoneSimulator = AppStore|iPhoneSimulator
		AppStore|x64 = AppStore|x64
		AppStore|x86 = AppStore|x86
		Debug|Any CPU = Debug|Any CPU
		Debug|ARM = Debug|ARM
		Debug|iPhone = Debug|iPhone
		Debug|iPhoneSimulator = Debug|iPhoneSimulator
		Debug|x64 = Debug|x64
		Debug|x86 = Debug|x86
		Release|Any CPU = Release|Any CPU
		Release|ARM = Release|ARM
		Release|iPhone = Release|iPhone
		Release|iPhoneSimulator = Release|iPhoneSimulator
		Release|x64 = Release|x64
		Release|x86 = Release|x86
	EndGlobalSection
	GlobalSection(ProjectConfigurationPlatforms) = postSolution
		{45A97C44-C826-40CA-BF37-A7F899DBDC07}.Ad-Hoc|Any CPU.ActiveCfg = Release|Any CPU
		{45A97C44-C826-40CA-BF37-A7F899DBDC07}.Ad-Hoc|Any CPU.Build.0 = Release|Any CPU
		{45A97C44-C826-40CA-BF37-A7F899DBDC07}.Ad-Hoc|Any CPU.Deploy.0 = Release|Any CPU
		{45A97C44-C826-40CA-BF37-A7F899DBDC07}.Ad-Hoc|ARM.ActiveCfg = Release|Any CPU
		{45A97C44-C826-40CA-BF37-A7F899DBDC07}.Ad-Hoc|ARM.Build.0 = Release|Any CPU
		{45A97C44-C826-40CA-BF37-A7F899DBDC07}.Ad-Hoc|ARM.Deploy.0 = Release|Any CPU
		{45A97C44-C826-40CA-BF37-A7F899DBDC07}.Ad-Hoc|iPhone.ActiveCfg = Release|Any CPU
		{45A97C44-C826-40CA-BF37-A7F899DBDC07}.Ad-Hoc|iPhone.Build.0 = Release|Any CPU
		{45A97C44-C826-40CA-BF37-A7F899DBDC07}.Ad-Hoc|iPhone.Deploy.0 = Release|Any CPU
		{45A97C44-C826-40CA-BF37-A7F899DBDC07}.Ad-Hoc|iPhoneSimulator.ActiveCfg = Release|Any CPU
		{45A97C44-C826-40CA-BF37-A7F899DBDC07}.Ad-Hoc|iPhoneSimulator.Build.0 = Release|Any CPU
		{45A97C44-C826-40CA-BF37-A7F899DBDC07}.Ad-Hoc|iPhoneSimulator.Deploy.0 = Release|Any CPU
		{45A97C44-C826-40CA-BF37-A7F899DBDC07}.Ad-Hoc|x64.ActiveCfg = Release|Any CPU
		{45A97C44-C826-40CA-BF37-A7F899DBDC07}.Ad-Hoc|x64.Build.0 = Release|Any CPU
		{45A97C44-C826-40CA-BF37-A7F899DBDC07}.Ad-Hoc|x64.Deploy.0 = Release|Any CPU
		{45A97C44-C826-40CA-BF37-A7F899DBDC07}.Ad-Hoc|x86.ActiveCfg = Release|Any CPU
		{45A97C44-C826-40CA-BF37-A7F899DBDC07}.Ad-Hoc|x86.Build.0 = Release|Any CPU
		{45A97C44-C826-40CA-BF37-A7F899DBDC07}.Ad-Hoc|x86.Deploy.0 = Release|Any CPU
		{45A97C44-C826-40CA-BF37-A7F899DBDC07}.AppStore|Any CPU.ActiveCfg = Release|Any CPU
		{45A97C44-C826-40CA-BF37-A7F899DBDC07}.AppStore|Any CPU.Build.0 = Release|Any CPU
		{45A97C44-C826-40CA-BF37-A7F899DBDC07}.AppStore|Any CPU.Deploy.0 = Release|Any CPU
		{45A97C44-C826-40CA-BF37-A7F899DBDC07}.AppStore|ARM.ActiveCfg = Release|Any CPU
		{45A97C44-C826-40CA-BF37-A7F899DBDC07}.AppStore|ARM.Build.0 = Release|Any CPU
		{45A97C44-C826-40CA-BF37-A7F899DBDC07}.AppStore|ARM.Deploy.0 = Release|Any CPU
		{45A97C44-C826-40CA-BF37-A7F899DBDC07}.AppStore|iPhone.ActiveCfg = Release|Any CPU
		{45A97C44-C826-40CA-BF37-A7F899DBDC07}.AppStore|iPhone.Build.0 = Release|Any CPU
		{45A97C44-C826-40CA-BF37-A7F899DBDC07}.AppStore|iPhone.Deploy.0 = Release|Any CPU
		{45A97C44-C826-40CA-BF37-A7F899DBDC07}.AppStore|iPhoneSimulator.ActiveCfg = Release|Any CPU
		{45A97C44-C826-40CA-BF37-A7F899DBDC07}.AppStore|iPhoneSimulator.Build.0 = Release|Any CPU
		{45A97C44-C826-40CA-BF37-A7F899DBDC07}.AppStore|iPhoneSimulator.Deploy.0 = Release|Any CPU
		{45A97C44-C826-40CA-BF37-A7F899DBDC07}.AppStore|x64.ActiveCfg = Release|Any CPU
		{45A97C44-C826-40CA-BF37-A7F899DBDC07}.AppStore|x64.Build.0 = Release|Any CPU
		{45A97C44-C826-40CA-BF37-A7F899DBDC07}.AppStore|x64.Deploy.0 = Release|Any CPU
		{45A97C44-C826-40CA-BF37-A7F899DBDC07}.AppStore|x86.ActiveCfg = Release|Any CPU
		{45A97C44-C826-40CA-BF37-A7F899DBDC07}.AppStore|x86.Build.0 = Release|Any CPU
		{45A97C44-C826-40CA-BF37-A7F899DBDC07}.AppStore|x86.Deploy.0 = Release|Any CPU
		{45A97C44-C826-40CA-BF37-A7F899DBDC07}.Debug|Any CPU.ActiveCfg = Debug|Any CPU
		{45A97C44-C826-40CA-BF37-A7F899DBDC07}.Debug|Any CPU.Build.0 = Debug|Any CPU
		{45A97C44-C826-40CA-BF37-A7F899DBDC07}.Debug|Any CPU.Deploy.0 = Debug|Any CPU
		{45A97C44-C826-40CA-BF37-A7F899DBDC07}.Debug|ARM.ActiveCfg = Debug|Any CPU
		{45A97C44-C826-40CA-BF37-A7F899DBDC07}.Debug|ARM.Build.0 = Debug|Any CPU
		{45A97C44-C826-40CA-BF37-A7F899DBDC07}.Debug|ARM.Deploy.0 = Debug|Any CPU
		{45A97C44-C826-40CA-BF37-A7F899DBDC07}.Debug|iPhone.ActiveCfg = Debug|Any CPU
		{45A97C44-C826-40CA-BF37-A7F899DBDC07}.Debug|iPhone.Build.0 = Debug|Any CPU
		{45A97C44-C826-40CA-BF37-A7F899DBDC07}.Debug|iPhone.Deploy.0 = Debug|Any CPU
		{45A97C44-C826-40CA-BF37-A7F899DBDC07}.Debug|iPhoneSimulator.ActiveCfg = Debug|Any CPU
		{45A97C44-C826-40CA-BF37-A7F899DBDC07}.Debug|iPhoneSimulator.Build.0 = Debug|Any CPU
		{45A97C44-C826-40CA-BF37-A7F899DBDC07}.Debug|iPhoneSimulator.Deploy.0 = Debug|Any CPU
		{45A97C44-C826-40CA-BF37-A7F899DBDC07}.Debug|x64.ActiveCfg = Debug|Any CPU
		{45A97C44-C826-40CA-BF37-A7F899DBDC07}.Debug|x64.Build.0 = Debug|Any CPU
		{45A97C44-C826-40CA-BF37-A7F899DBDC07}.Debug|x64.Deploy.0 = Debug|Any CPU
		{45A97C44-C826-40CA-BF37-A7F899DBDC07}.Debug|x86.ActiveCfg = Debug|Any CPU
		{45A97C44-C826-40CA-BF37-A7F899DBDC07}.Debug|x86.Build.0 = Debug|Any CPU
		{45A97C44-C826-40CA-BF37-A7F899DBDC07}.Debug|x86.Deploy.0 = Debug|Any CPU
		{45A97C44-C826-40CA-BF37-A7F899DBDC07}.Release|Any CPU.ActiveCfg = Release|Any CPU
		{45A97C44-C826-40CA-BF37-A7F899DBDC07}.Release|Any CPU.Build.0 = Release|Any CPU
		{45A97C44-C826-40CA-BF37-A7F899DBDC07}.Release|Any CPU.Deploy.0 = Release|Any CPU
		{45A97C44-C826-40CA-BF37-A7F899DBDC07}.Release|ARM.ActiveCfg = Release|Any CPU
		{45A97C44-C826-40CA-BF37-A7F899DBDC07}.Release|ARM.Build.0 = Release|Any CPU
		{45A97C44-C826-40CA-BF37-A7F899DBDC07}.Release|ARM.Deploy.0 = Release|Any CPU
		{45A97C44-C826-40CA-BF37-A7F899DBDC07}.Release|iPhone.ActiveCfg = Release|Any CPU
		{45A97C44-C826-40CA-BF37-A7F899DBDC07}.Release|iPhone.Build.0 = Release|Any CPU
		{45A97C44-C826-40CA-BF37-A7F899DBDC07}.Release|iPhone.Deploy.0 = Release|Any CPU
		{45A97C44-C826-40CA-BF37-A7F899DBDC07}.Release|iPhoneSimulator.ActiveCfg = Release|Any CPU
		{45A97C44-C826-40CA-BF37-A7F899DBDC07}.Release|iPhoneSimulator.Build.0 = Release|Any CPU
		{45A97C44-C826-40CA-BF37-A7F899DBDC07}.Release|iPhoneSimulator.Deploy.0 = Release|Any CPU
		{45A97C44-C826-40CA-BF37-A7F899DBDC07}.Release|x64.ActiveCfg = Release|Any CPU
		{45A97C44-C826-40CA-BF37-A7F899DBDC07}.Release|x64.Build.0 = Release|Any CPU
		{45A97C44-C826-40CA-BF37-A7F899DBDC07}.Release|x64.Deploy.0 = Release|Any CPU
		{45A97C44-C826-40CA-BF37-A7F899DBDC07}.Release|x86.ActiveCfg = Release|Any CPU
		{45A97C44-C826-40CA-BF37-A7F899DBDC07}.Release|x86.Build.0 = Release|Any CPU
		{45A97C44-C826-40CA-BF37-A7F899DBDC07}.Release|x86.Deploy.0 = Release|Any CPU
		{EF2E5AC9-E7CA-470B-9A15-62D8A3D33267}.Ad-Hoc|Any CPU.ActiveCfg = Ad-Hoc|iPhone
		{EF2E5AC9-E7CA-470B-9A15-62D8A3D33267}.Ad-Hoc|ARM.ActiveCfg = Ad-Hoc|iPhone
		{EF2E5AC9-E7CA-470B-9A15-62D8A3D33267}.Ad-Hoc|iPhone.ActiveCfg = Ad-Hoc|iPhone
		{EF2E5AC9-E7CA-470B-9A15-62D8A3D33267}.Ad-Hoc|iPhone.Build.0 = Ad-Hoc|iPhone
		{EF2E5AC9-E7CA-470B-9A15-62D8A3D33267}.Ad-Hoc|iPhoneSimulator.ActiveCfg = Ad-Hoc|iPhoneSimulator
		{EF2E5AC9-E7CA-470B-9A15-62D8A3D33267}.Ad-Hoc|iPhoneSimulator.Build.0 = Ad-Hoc|iPhoneSimulator
		{EF2E5AC9-E7CA-470B-9A15-62D8A3D33267}.Ad-Hoc|x64.ActiveCfg = Ad-Hoc|iPhone
		{EF2E5AC9-E7CA-470B-9A15-62D8A3D33267}.Ad-Hoc|x86.ActiveCfg = Ad-Hoc|iPhone
		{EF2E5AC9-E7CA-470B-9A15-62D8A3D33267}.AppStore|Any CPU.ActiveCfg = AppStore|iPhone
		{EF2E5AC9-E7CA-470B-9A15-62D8A3D33267}.AppStore|ARM.ActiveCfg = AppStore|iPhone
		{EF2E5AC9-E7CA-470B-9A15-62D8A3D33267}.AppStore|iPhone.ActiveCfg = AppStore|iPhone
		{EF2E5AC9-E7CA-470B-9A15-62D8A3D33267}.AppStore|iPhone.Build.0 = AppStore|iPhone
		{EF2E5AC9-E7CA-470B-9A15-62D8A3D33267}.AppStore|iPhoneSimulator.ActiveCfg = AppStore|iPhoneSimulator
		{EF2E5AC9-E7CA-470B-9A15-62D8A3D33267}.AppStore|iPhoneSimulator.Build.0 = AppStore|iPhoneSimulator
		{EF2E5AC9-E7CA-470B-9A15-62D8A3D33267}.AppStore|x64.ActiveCfg = AppStore|iPhone
		{EF2E5AC9-E7CA-470B-9A15-62D8A3D33267}.AppStore|x86.ActiveCfg = AppStore|iPhone
		{EF2E5AC9-E7CA-470B-9A15-62D8A3D33267}.Debug|Any CPU.ActiveCfg = Debug|iPhone
		{EF2E5AC9-E7CA-470B-9A15-62D8A3D33267}.Debug|ARM.ActiveCfg = Debug|iPhone
		{EF2E5AC9-E7CA-470B-9A15-62D8A3D33267}.Debug|iPhone.ActiveCfg = Debug|iPhone
		{EF2E5AC9-E7CA-470B-9A15-62D8A3D33267}.Debug|iPhone.Build.0 = Debug|iPhone
		{EF2E5AC9-E7CA-470B-9A15-62D8A3D33267}.Debug|iPhoneSimulator.ActiveCfg = Debug|iPhoneSimulator
		{EF2E5AC9-E7CA-470B-9A15-62D8A3D33267}.Debug|iPhoneSimulator.Build.0 = Debug|iPhoneSimulator
		{EF2E5AC9-E7CA-470B-9A15-62D8A3D33267}.Debug|x64.ActiveCfg = Debug|iPhone
		{EF2E5AC9-E7CA-470B-9A15-62D8A3D33267}.Debug|x86.ActiveCfg = Debug|iPhone
		{EF2E5AC9-E7CA-470B-9A15-62D8A3D33267}.Release|Any CPU.ActiveCfg = Release|iPhone
		{EF2E5AC9-E7CA-470B-9A15-62D8A3D33267}.Release|ARM.ActiveCfg = Release|iPhone
		{EF2E5AC9-E7CA-470B-9A15-62D8A3D33267}.Release|iPhone.ActiveCfg = Release|iPhone
		{EF2E5AC9-E7CA-470B-9A15-62D8A3D33267}.Release|iPhone.Build.0 = Release|iPhone
		{EF2E5AC9-E7CA-470B-9A15-62D8A3D33267}.Release|iPhoneSimulator.ActiveCfg = Release|iPhoneSimulator
		{EF2E5AC9-E7CA-470B-9A15-62D8A3D33267}.Release|iPhoneSimulator.Build.0 = Release|iPhoneSimulator
		{EF2E5AC9-E7CA-470B-9A15-62D8A3D33267}.Release|x64.ActiveCfg = Release|iPhone
		{EF2E5AC9-E7CA-470B-9A15-62D8A3D33267}.Release|x86.ActiveCfg = Release|iPhone
		{E97CD31A-4449-406E-AA79-6DFBCDFB5256}.Ad-Hoc|Any CPU.ActiveCfg = Release|x86
		{E97CD31A-4449-406E-AA79-6DFBCDFB5256}.Ad-Hoc|Any CPU.Build.0 = Release|x86
		{E97CD31A-4449-406E-AA79-6DFBCDFB5256}.Ad-Hoc|Any CPU.Deploy.0 = Release|x86
		{E97CD31A-4449-406E-AA79-6DFBCDFB5256}.Ad-Hoc|ARM.ActiveCfg = Release|ARM
		{E97CD31A-4449-406E-AA79-6DFBCDFB5256}.Ad-Hoc|ARM.Build.0 = Release|ARM
		{E97CD31A-4449-406E-AA79-6DFBCDFB5256}.Ad-Hoc|ARM.Deploy.0 = Release|ARM
		{E97CD31A-4449-406E-AA79-6DFBCDFB5256}.Ad-Hoc|iPhone.ActiveCfg = Release|x86
		{E97CD31A-4449-406E-AA79-6DFBCDFB5256}.Ad-Hoc|iPhone.Build.0 = Release|x86
		{E97CD31A-4449-406E-AA79-6DFBCDFB5256}.Ad-Hoc|iPhone.Deploy.0 = Release|x86
		{E97CD31A-4449-406E-AA79-6DFBCDFB5256}.Ad-Hoc|iPhoneSimulator.ActiveCfg = Release|x86
		{E97CD31A-4449-406E-AA79-6DFBCDFB5256}.Ad-Hoc|iPhoneSimulator.Build.0 = Release|x86
		{E97CD31A-4449-406E-AA79-6DFBCDFB5256}.Ad-Hoc|iPhoneSimulator.Deploy.0 = Release|x86
		{E97CD31A-4449-406E-AA79-6DFBCDFB5256}.Ad-Hoc|x64.ActiveCfg = Release|x64
		{E97CD31A-4449-406E-AA79-6DFBCDFB5256}.Ad-Hoc|x64.Build.0 = Release|x64
		{E97CD31A-4449-406E-AA79-6DFBCDFB5256}.Ad-Hoc|x64.Deploy.0 = Release|x64
		{E97CD31A-4449-406E-AA79-6DFBCDFB5256}.Ad-Hoc|x86.ActiveCfg = Release|x86
		{E97CD31A-4449-406E-AA79-6DFBCDFB5256}.Ad-Hoc|x86.Build.0 = Release|x86
		{E97CD31A-4449-406E-AA79-6DFBCDFB5256}.Ad-Hoc|x86.Deploy.0 = Release|x86
		{E97CD31A-4449-406E-AA79-6DFBCDFB5256}.AppStore|Any CPU.ActiveCfg = Release|x86
		{E97CD31A-4449-406E-AA79-6DFBCDFB5256}.AppStore|Any CPU.Build.0 = Release|x86
		{E97CD31A-4449-406E-AA79-6DFBCDFB5256}.AppStore|Any CPU.Deploy.0 = Release|x86
		{E97CD31A-4449-406E-AA79-6DFBCDFB5256}.AppStore|ARM.ActiveCfg = Release|ARM
		{E97CD31A-4449-406E-AA79-6DFBCDFB5256}.AppStore|ARM.Build.0 = Release|ARM
		{E97CD31A-4449-406E-AA79-6DFBCDFB5256}.AppStore|ARM.Deploy.0 = Release|ARM
		{E97CD31A-4449-406E-AA79-6DFBCDFB5256}.AppStore|iPhone.ActiveCfg = Release|x86
		{E97CD31A-4449-406E-AA79-6DFBCDFB5256}.AppStore|iPhone.Build.0 = Release|x86
		{E97CD31A-4449-406E-AA79-6DFBCDFB5256}.AppStore|iPhone.Deploy.0 = Release|x86
		{E97CD31A-4449-406E-AA79-6DFBCDFB5256}.AppStore|iPhoneSimulator.ActiveCfg = Release|x86
		{E97CD31A-4449-406E-AA79-6DFBCDFB5256}.AppStore|iPhoneSimulator.Build.0 = Release|x86
		{E97CD31A-4449-406E-AA79-6DFBCDFB5256}.AppStore|iPhoneSimulator.Deploy.0 = Release|x86
		{E97CD31A-4449-406E-AA79-6DFBCDFB5256}.AppStore|x64.ActiveCfg = Release|x64
		{E97CD31A-4449-406E-AA79-6DFBCDFB5256}.AppStore|x64.Build.0 = Release|x64
		{E97CD31A-4449-406E-AA79-6DFBCDFB5256}.AppStore|x64.Deploy.0 = Release|x64
		{E97CD31A-4449-406E-AA79-6DFBCDFB5256}.AppStore|x86.ActiveCfg = Release|x86
		{E97CD31A-4449-406E-AA79-6DFBCDFB5256}.AppStore|x86.Build.0 = Release|x86
		{E97CD31A-4449-406E-AA79-6DFBCDFB5256}.AppStore|x86.Deploy.0 = Release|x86
		{E97CD31A-4449-406E-AA79-6DFBCDFB5256}.Debug|Any CPU.ActiveCfg = Debug|x86
		{E97CD31A-4449-406E-AA79-6DFBCDFB5256}.Debug|ARM.ActiveCfg = Debug|ARM
		{E97CD31A-4449-406E-AA79-6DFBCDFB5256}.Debug|ARM.Build.0 = Debug|ARM
		{E97CD31A-4449-406E-AA79-6DFBCDFB5256}.Debug|ARM.Deploy.0 = Debug|ARM
		{E97CD31A-4449-406E-AA79-6DFBCDFB5256}.Debug|iPhone.ActiveCfg = Debug|x86
		{E97CD31A-4449-406E-AA79-6DFBCDFB5256}.Debug|iPhoneSimulator.ActiveCfg = Debug|x86
		{E97CD31A-4449-406E-AA79-6DFBCDFB5256}.Debug|x64.ActiveCfg = Debug|x64
		{E97CD31A-4449-406E-AA79-6DFBCDFB5256}.Debug|x64.Build.0 = Debug|x64
		{E97CD31A-4449-406E-AA79-6DFBCDFB5256}.Debug|x64.Deploy.0 = Debug|x64
		{E97CD31A-4449-406E-AA79-6DFBCDFB5256}.Debug|x86.ActiveCfg = Debug|x86
		{E97CD31A-4449-406E-AA79-6DFBCDFB5256}.Debug|x86.Build.0 = Debug|x86
		{E97CD31A-4449-406E-AA79-6DFBCDFB5256}.Debug|x86.Deploy.0 = Debug|x86
		{E97CD31A-4449-406E-AA79-6DFBCDFB5256}.Release|Any CPU.ActiveCfg = Release|x86
		{E97CD31A-4449-406E-AA79-6DFBCDFB5256}.Release|ARM.ActiveCfg = Release|ARM
		{E97CD31A-4449-406E-AA79-6DFBCDFB5256}.Release|ARM.Build.0 = Release|ARM
		{E97CD31A-4449-406E-AA79-6DFBCDFB5256}.Release|ARM.Deploy.0 = Release|ARM
		{E97CD31A-4449-406E-AA79-6DFBCDFB5256}.Release|iPhone.ActiveCfg = Release|x86
		{E97CD31A-4449-406E-AA79-6DFBCDFB5256}.Release|iPhoneSimulator.ActiveCfg = Release|x86
		{E97CD31A-4449-406E-AA79-6DFBCDFB5256}.Release|x64.ActiveCfg = Release|x64
		{E97CD31A-4449-406E-AA79-6DFBCDFB5256}.Release|x64.Build.0 = Release|x64
		{E97CD31A-4449-406E-AA79-6DFBCDFB5256}.Release|x64.Deploy.0 = Release|x64
		{E97CD31A-4449-406E-AA79-6DFBCDFB5256}.Release|x86.ActiveCfg = Release|x86
		{E97CD31A-4449-406E-AA79-6DFBCDFB5256}.Release|x86.Build.0 = Release|x86
		{E97CD31A-4449-406E-AA79-6DFBCDFB5256}.Release|x86.Deploy.0 = Release|x86
		{9E31BC64-EFE4-4B35-A0DD-3DD4380407E5}.Ad-Hoc|Any CPU.ActiveCfg = Release|Any CPU
		{9E31BC64-EFE4-4B35-A0DD-3DD4380407E5}.Ad-Hoc|Any CPU.Build.0 = Release|Any CPU
		{9E31BC64-EFE4-4B35-A0DD-3DD4380407E5}.Ad-Hoc|ARM.ActiveCfg = Release|Any CPU
		{9E31BC64-EFE4-4B35-A0DD-3DD4380407E5}.Ad-Hoc|ARM.Build.0 = Release|Any CPU
		{9E31BC64-EFE4-4B35-A0DD-3DD4380407E5}.Ad-Hoc|iPhone.ActiveCfg = Release|Any CPU
		{9E31BC64-EFE4-4B35-A0DD-3DD4380407E5}.Ad-Hoc|iPhone.Build.0 = Release|Any CPU
		{9E31BC64-EFE4-4B35-A0DD-3DD4380407E5}.Ad-Hoc|iPhoneSimulator.ActiveCfg = Release|Any CPU
		{9E31BC64-EFE4-4B35-A0DD-3DD4380407E5}.Ad-Hoc|iPhoneSimulator.Build.0 = Release|Any CPU
		{9E31BC64-EFE4-4B35-A0DD-3DD4380407E5}.Ad-Hoc|x64.ActiveCfg = Release|Any CPU
		{9E31BC64-EFE4-4B35-A0DD-3DD4380407E5}.Ad-Hoc|x64.Build.0 = Release|Any CPU
		{9E31BC64-EFE4-4B35-A0DD-3DD4380407E5}.Ad-Hoc|x86.ActiveCfg = Release|Any CPU
		{9E31BC64-EFE4-4B35-A0DD-3DD4380407E5}.Ad-Hoc|x86.Build.0 = Release|Any CPU
		{9E31BC64-EFE4-4B35-A0DD-3DD4380407E5}.AppStore|Any CPU.ActiveCfg = Release|Any CPU
		{9E31BC64-EFE4-4B35-A0DD-3DD4380407E5}.AppStore|Any CPU.Build.0 = Release|Any CPU
		{9E31BC64-EFE4-4B35-A0DD-3DD4380407E5}.AppStore|ARM.ActiveCfg = Release|Any CPU
		{9E31BC64-EFE4-4B35-A0DD-3DD4380407E5}.AppStore|ARM.Build.0 = Release|Any CPU
		{9E31BC64-EFE4-4B35-A0DD-3DD4380407E5}.AppStore|iPhone.ActiveCfg = Release|Any CPU
		{9E31BC64-EFE4-4B35-A0DD-3DD4380407E5}.AppStore|iPhone.Build.0 = Release|Any CPU
		{9E31BC64-EFE4-4B35-A0DD-3DD4380407E5}.AppStore|iPhoneSimulator.ActiveCfg = Release|Any CPU
		{9E31BC64-EFE4-4B35-A0DD-3DD4380407E5}.AppStore|iPhoneSimulator.Build.0 = Release|Any CPU
		{9E31BC64-EFE4-4B35-A0DD-3DD4380407E5}.AppStore|x64.ActiveCfg = Release|Any CPU
		{9E31BC64-EFE4-4B35-A0DD-3DD4380407E5}.AppStore|x64.Build.0 = Release|Any CPU
		{9E31BC64-EFE4-4B35-A0DD-3DD4380407E5}.AppStore|x86.ActiveCfg = Release|Any CPU
		{9E31BC64-EFE4-4B35-A0DD-3DD4380407E5}.AppStore|x86.Build.0 = Release|Any CPU
		{9E31BC64-EFE4-4B35-A0DD-3DD4380407E5}.Debug|Any CPU.ActiveCfg = Debug|Any CPU
		{9E31BC64-EFE4-4B35-A0DD-3DD4380407E5}.Debug|Any CPU.Build.0 = Debug|Any CPU
		{9E31BC64-EFE4-4B35-A0DD-3DD4380407E5}.Debug|ARM.ActiveCfg = Debug|Any CPU
		{9E31BC64-EFE4-4B35-A0DD-3DD4380407E5}.Debug|ARM.Build.0 = Debug|Any CPU
		{9E31BC64-EFE4-4B35-A0DD-3DD4380407E5}.Debug|iPhone.ActiveCfg = Debug|Any CPU
		{9E31BC64-EFE4-4B35-A0DD-3DD4380407E5}.Debug|iPhone.Build.0 = Debug|Any CPU
		{9E31BC64-EFE4-4B35-A0DD-3DD4380407E5}.Debug|iPhoneSimulator.ActiveCfg = Debug|Any CPU
		{9E31BC64-EFE4-4B35-A0DD-3DD4380407E5}.Debug|iPhoneSimulator.Build.0 = Debug|Any CPU
		{9E31BC64-EFE4-4B35-A0DD-3DD4380407E5}.Debug|x64.ActiveCfg = Debug|Any CPU
		{9E31BC64-EFE4-4B35-A0DD-3DD4380407E5}.Debug|x64.Build.0 = Debug|Any CPU
		{9E31BC64-EFE4-4B35-A0DD-3DD4380407E5}.Debug|x86.ActiveCfg = Debug|Any CPU
		{9E31BC64-EFE4-4B35-A0DD-3DD4380407E5}.Debug|x86.Build.0 = Debug|Any CPU
		{9E31BC64-EFE4-4B35-A0DD-3DD4380407E5}.Release|Any CPU.ActiveCfg = Release|Any CPU
		{9E31BC64-EFE4-4B35-A0DD-3DD4380407E5}.Release|Any CPU.Build.0 = Release|Any CPU
		{9E31BC64-EFE4-4B35-A0DD-3DD4380407E5}.Release|ARM.ActiveCfg = Release|Any CPU
		{9E31BC64-EFE4-4B35-A0DD-3DD4380407E5}.Release|ARM.Build.0 = Release|Any CPU
		{9E31BC64-EFE4-4B35-A0DD-3DD4380407E5}.Release|iPhone.ActiveCfg = Release|Any CPU
		{9E31BC64-EFE4-4B35-A0DD-3DD4380407E5}.Release|iPhone.Build.0 = Release|Any CPU
		{9E31BC64-EFE4-4B35-A0DD-3DD4380407E5}.Release|iPhoneSimulator.ActiveCfg = Release|Any CPU
		{9E31BC64-EFE4-4B35-A0DD-3DD4380407E5}.Release|iPhoneSimulator.Build.0 = Release|Any CPU
		{9E31BC64-EFE4-4B35-A0DD-3DD4380407E5}.Release|x64.ActiveCfg = Release|Any CPU
		{9E31BC64-EFE4-4B35-A0DD-3DD4380407E5}.Release|x64.Build.0 = Release|Any CPU
		{9E31BC64-EFE4-4B35-A0DD-3DD4380407E5}.Release|x86.ActiveCfg = Release|Any CPU
		{9E31BC64-EFE4-4B35-A0DD-3DD4380407E5}.Release|x86.Build.0 = Release|Any CPU
	EndGlobalSection
	GlobalSection(SolutionProperties) = preSolution
		HideSolutionNode = FALSE
	EndGlobalSection
	GlobalSection(ExtensibilityGlobals) = postSolution
		SolutionGuid = {D305CB52-26DF-432E-B731-052283D1022E}
	EndGlobalSection
EndGlobal
